{
  "requires": true,
  "lockfileVersion": 1,
  "dependencies": {
    "squel": {
      "version": "5.12.1",
      "resolved": "https://registry.npmjs.org/squel/-/squel-5.12.1.tgz",
      "integrity": "sha512-yt+LISzP0YqgkEysXd2IQOmhCcC/Lqqzk8R6Y6g1pt3b+aVbiQbRA7/95Lt8C6qDvbniqgN3aG6egiK6GWFhOQ=="
    }
  }
}
